# This file is autogenerated, do not edit; changes may be undone by the next 'dep ensure'.


[[projects]]
  digest = "1:6c55880c65c1411ff647d391e5d916c11cb9bf890c6ab3d7df38c1993050132d"
  name = "github.com/aws/aws-sdk-go"
  packages = [
    "aws",
    "aws/awserr",
    "aws/awsutil",
    "aws/client",
    "aws/client/metadata",
    "aws/corehandlers",
    "aws/credentials",
    "aws/credentials/ec2rolecreds",
    "aws/credentials/endpointcreds",
    "aws/credentials/processcreds",
    "aws/credentials/stscreds",
    "aws/csm",
    "aws/defaults",
    "aws/ec2metadata",
    "aws/endpoints",
    "aws/request",
    "aws/session",
    "aws/signer/v4",
    "internal/ini",
    "internal/s3err",
    "internal/sdkio",
    "internal/sdkrand",
    "internal/sdkuri",
    "internal/shareddefaults",
    "private/protocol",
    "private/protocol/eventstream",
    "private/protocol/eventstream/eventstreamapi",
    "private/protocol/json/jsonutil",
    "private/protocol/query",
    "private/protocol/query/queryutil",
    "private/protocol/rest",
    "private/protocol/restxml",
    "private/protocol/xml/xmlutil",
    "service/s3",
    "service/sts",
    "service/sts/stsiface",
  ]
  pruneopts = "UT"
  revision = "fbdf1bd30caaf828d14bd5fed15130417858a723"
  version = "v1.23.3"

[[projects]]
  branch = "master"
  digest = "1:7fb51688eadf38272411852d7a2b3538c7caff53309abee6c0964a83c00fe69e"
  name = "github.com/globalsign/mgo"
  packages = [
    "bson",
    "internal/json",
  ]
  pruneopts = "UT"
  revision = "eeefdecb41b842af6dc652aaea4026e8403e62df"

[[projects]]
  digest = "1:582b704bebaa06b48c29b0cec224a6058a09c86883aaddabde889cd1a5f73e1b"
  name = "github.com/google/uuid"
  packages = ["."]
  pruneopts = "UT"
  revision = "0cd6bf5da1e1c83f8b45653022c74f71af0538a4"
  version = "v1.1.1"

[[projects]]
  digest = "1:bb81097a5b62634f3e9fec1014657855610c82d19b9a40c17612e32651e35dca"
  name = "github.com/jmespath/go-jmespath"
  packages = ["."]
  pruneopts = "UT"
  revision = "c2b33e84"

[[projects]]
  digest = "1:4853aea8a727b1cc962f687688aef22ce0dd040a9f695c07f303559e4595a152"
  name = "github.com/lithammer/shortuuid"
  packages = ["."]
  pruneopts = "UT"
  revision = "1be5ab5d90f6624ae0484197d1bb079a399712f0"
  version = "v3.0.3"

[solve-meta]
  analyzer-name = "dep"
  analyzer-version = 1
  input-imports = [
    "github.com/aws/aws-sdk-go/aws",
    "github.com/aws/aws-sdk-go/aws/credentials",
    "github.com/aws/aws-sdk-go/aws/session",
    "github.com/aws/aws-sdk-go/service/s3",
    "github.com/globalsign/mgo/bson",
    "github.com/lithammer/shortuuid",
  ]
  solver-name = "gps-cdcl"
  solver-version = 1
